
Microsoft Visual Studio Solution File, Format Version 12.00
# Visual Studio 2012
Project("{FAE04EC0-301F-11D3-BF4B-00C04F79EFBC}") = "NStore", "NStore\NStore.csproj", "{0AAD1793-0A61-42E6-9EBC-6729058EBE70}"
EndProject
Project("{FAE04EC0-301F-11D3-BF4B-00C04F79EFBC}") = "NStore.Mongo", "NStore.Mongo\NStore.Mongo.csproj", "{EC2BB408-8089-4B56-A977-CF95EDD5C786}"
EndProject
Project("{FAE04EC0-301F-11D3-BF4B-00C04F79EFBC}") = "NStore.Tests", "NStore.Tests\NStore.Tests.csproj", "{378A1E2D-A319-48E2-B5B1-7C9A2F8E5DE4}"
EndProject
Global
	GlobalSection(SolutionConfigurationPlatforms) = preSolution
		Debug|Any CPU = Debug|Any CPU
		Release|Any CPU = Release|Any CPU
	EndGlobalSection
	GlobalSection(ProjectConfigurationPlatforms) = postSolution
		{0AAD1793-0A61-42E6-9EBC-6729058EBE70}.Debug|Any CPU.ActiveCfg = Debug|Any CPU
		{0AAD1793-0A61-42E6-9EBC-6729058EBE70}.Debug|Any CPU.Build.0 = Debug|Any CPU
		{0AAD1793-0A61-42E6-9EBC-6729058EBE70}.Release|Any CPU.ActiveCfg = Release|Any CPU
		{0AAD1793-0A61-42E6-9EBC-6729058EBE70}.Release|Any CPU.Build.0 = Release|Any CPU
		{EC2BB408-8089-4B56-A977-CF95EDD5C786}.Debug|Any CPU.ActiveCfg = Debug|Any CPU
		{EC2BB408-8089-4B56-A977-CF95EDD5C786}.Debug|Any CPU.Build.0 = Debug|Any CPU
		{EC2BB408-8089-4B56-A977-CF95EDD5C786}.Release|Any CPU.ActiveCfg = Release|Any CPU
		{EC2BB408-8089-4B56-A977-CF95EDD5C786}.Release|Any CPU.Build.0 = Release|Any CPU
		{378A1E2D-A319-48E2-B5B1-7C9A2F8E5DE4}.Debug|Any CPU.ActiveCfg = Debug|Any CPU
		{378A1E2D-A319-48E2-B5B1-7C9A2F8E5DE4}.Debug|Any CPU.Build.0 = Debug|Any CPU
		{378A1E2D-A319-48E2-B5B1-7C9A2F8E5DE4}.Release|Any CPU.ActiveCfg = Release|Any CPU
		{378A1E2D-A319-48E2-B5B1-7C9A2F8E5DE4}.Release|Any CPU.Build.0 = Release|Any CPU
	EndGlobalSection
EndGlobal
