
Microsoft Visual Studio Solution File, Format Version 12.00
# Visual Studio 15
VisualStudioVersion = 15.0.26730.3
MinimumVisualStudioVersion = 10.0.40219.1
Project("{FAE04EC0-301F-11D3-BF4B-00C04F79EFBC}") = "NStore.Core", "NStore.Core\NStore.Core.csproj", "{0AAD1793-0A61-42E6-9EBC-6729058EBE70}"
EndProject
Project("{FAE04EC0-301F-11D3-BF4B-00C04F79EFBC}") = "NStore.Core.Tests", "NStore.Core.Tests\NStore.Core.Tests.csproj", "{378A1E2D-A319-48E2-B5B1-7C9A2F8E5DE4}"
EndProject
Project("{FAE04EC0-301F-11D3-BF4B-00C04F79EFBC}") = "NStore.Persistence.Tests", "NStore.Persistence.Tests\NStore.Persistence.Tests.csproj", "{97D57D73-D908-4ECC-88A8-440C29C92CE6}"
EndProject
Project("{FAE04EC0-301F-11D3-BF4B-00C04F79EFBC}") = "NStore.Persistence.Mongo.Tests", "NStore.Persistence.Mongo.Tests\NStore.Persistence.Mongo.Tests.csproj", "{A93B56DD-FAF1-42A4-A414-E5DF6F97811A}"
EndProject
Project("{FAE04EC0-301F-11D3-BF4B-00C04F79EFBC}") = "NStore.Persistence.Mongo", "NStore.Persistence.Mongo\NStore.Persistence.Mongo.csproj", "{A5CFF506-C6FA-4AD1-86A3-559DBCFA8B2A}"
EndProject
Project("{FAE04EC0-301F-11D3-BF4B-00C04F79EFBC}") = "NStore.Benchmarks", "NStore.Benchmarks\NStore.Benchmarks.csproj", "{B6D8D313-5A21-49C3-9FDF-CF3A23FF54C8}"
EndProject
Project("{FAE04EC0-301F-11D3-BF4B-00C04F79EFBC}") = "NStore.Sample", "NStore.Sample\NStore.Sample.csproj", "{FD2A7B25-F3BF-4D46-9314-59E30B0D7BC8}"
EndProject
Project("{2150E333-8FDC-42A3-9474-1A3956D46DE8}") = "Sample", "Sample", "{D3212016-BB8D-4E16-94C4-2D0990B2C14A}"
EndProject
Project("{2150E333-8FDC-42A3-9474-1A3956D46DE8}") = "Library", "Library", "{F89E08E9-BE00-4101-8F7B-DFB0B178EDBB}"
EndProject
Project("{2150E333-8FDC-42A3-9474-1A3956D46DE8}") = "Benchmarks", "Benchmarks", "{81A65A86-5489-4358-9848-6BE40A4D13A1}"
EndProject
Project("{FAE04EC0-301F-11D3-BF4B-00C04F79EFBC}") = "NStore.Sample.Tests", "NStore.Sample.Tests\NStore.Sample.Tests.csproj", "{8258C6B1-9457-41D8-8FDB-594C670D5233}"
EndProject
Project("{2150E333-8FDC-42A3-9474-1A3956D46DE8}") = "Solution Items", "Solution Items", "{E75BC5B3-4ED8-405F-B408-7CA58328C101}"
	ProjectSection(SolutionItems) = preProject
		..\README.md = ..\README.md
	EndProjectSection
EndProject
Project("{FAE04EC0-301F-11D3-BF4B-00C04F79EFBC}") = "NStore.Tpl", "NStore.Tpl\NStore.Tpl.csproj", "{AE81867F-7915-4EF5-BF16-1B84EE147FF3}"
EndProject
Project("{FAE04EC0-301F-11D3-BF4B-00C04F79EFBC}") = "NStore.Persistence.MsSql", "NStore.Persistence.MsSql\NStore.Persistence.MsSql.csproj", "{DADB7A00-6F22-4AB0-8921-D72FF5199E8C}"
EndProject
Project("{FAE04EC0-301F-11D3-BF4B-00C04F79EFBC}") = "NStore.Persistence.MsSql.Tests", "NStore.Persistence.MsSql.Tests\NStore.Persistence.MsSql.Tests.csproj", "{7F1E1496-49F5-4C2B-A047-CA6534A3689C}"
EndProject
Project("{FAE04EC0-301F-11D3-BF4B-00C04F79EFBC}") = "NStore.Quickstart", "NStore.Quickstart\NStore.Quickstart.csproj", "{FFF50043-AC34-4859-A93D-817786169B82}"
EndProject
Project("{FAE04EC0-301F-11D3-BF4B-00C04F79EFBC}") = "NStore.Domain", "NStore.Domain\NStore.Domain.csproj", "{F306031E-42F4-4206-B6EF-40087465ACEF}"
	ProjectSection(ProjectDependencies) = postProject
		{0AAD1793-0A61-42E6-9EBC-6729058EBE70} = {0AAD1793-0A61-42E6-9EBC-6729058EBE70}
	EndProjectSection
EndProject
Project("{FAE04EC0-301F-11D3-BF4B-00C04F79EFBC}") = "NStore.Domain.Tests", "NStore.Domain.Tests\NStore.Domain.Tests.csproj", "{CFAB2CE9-2BC7-4421-AF2A-E961F65E8A38}"
EndProject
Project("{FAE04EC0-301F-11D3-BF4B-00C04F79EFBC}") = "NStore.Persistence.Sqlite", "NStore.Persistence.Sqlite\NStore.Persistence.Sqlite.csproj", "{8E8DCD5A-BAA2-448D-AB6B-8DC1B2033FC0}"
EndProject
Project("{FAE04EC0-301F-11D3-BF4B-00C04F79EFBC}") = "NStore.Persistence.Sqlite.Tests", "NStore.Persistence.Sqlite.Tests\NStore.Persistence.Sqlite.Tests.csproj", "{1F83B04B-7996-4F43-8288-9D22C12E4494}"
EndProject
Global
	GlobalSection(SolutionConfigurationPlatforms) = preSolution
		Debug|Any CPU = Debug|Any CPU
		Release|Any CPU = Release|Any CPU
	EndGlobalSection
	GlobalSection(ProjectConfigurationPlatforms) = postSolution
		{0AAD1793-0A61-42E6-9EBC-6729058EBE70}.Debug|Any CPU.ActiveCfg = Debug|Any CPU
		{0AAD1793-0A61-42E6-9EBC-6729058EBE70}.Debug|Any CPU.Build.0 = Debug|Any CPU
		{0AAD1793-0A61-42E6-9EBC-6729058EBE70}.Release|Any CPU.ActiveCfg = Release|Any CPU
		{0AAD1793-0A61-42E6-9EBC-6729058EBE70}.Release|Any CPU.Build.0 = Release|Any CPU
		{378A1E2D-A319-48E2-B5B1-7C9A2F8E5DE4}.Debug|Any CPU.ActiveCfg = Debug|Any CPU
		{378A1E2D-A319-48E2-B5B1-7C9A2F8E5DE4}.Debug|Any CPU.Build.0 = Debug|Any CPU
		{378A1E2D-A319-48E2-B5B1-7C9A2F8E5DE4}.Release|Any CPU.ActiveCfg = Release|Any CPU
		{378A1E2D-A319-48E2-B5B1-7C9A2F8E5DE4}.Release|Any CPU.Build.0 = Release|Any CPU
		{97D57D73-D908-4ECC-88A8-440C29C92CE6}.Debug|Any CPU.ActiveCfg = Debug|Any CPU
		{97D57D73-D908-4ECC-88A8-440C29C92CE6}.Debug|Any CPU.Build.0 = Debug|Any CPU
		{97D57D73-D908-4ECC-88A8-440C29C92CE6}.Release|Any CPU.ActiveCfg = Release|Any CPU
		{97D57D73-D908-4ECC-88A8-440C29C92CE6}.Release|Any CPU.Build.0 = Release|Any CPU
		{A93B56DD-FAF1-42A4-A414-E5DF6F97811A}.Debug|Any CPU.ActiveCfg = Debug|Any CPU
		{A93B56DD-FAF1-42A4-A414-E5DF6F97811A}.Debug|Any CPU.Build.0 = Debug|Any CPU
		{A93B56DD-FAF1-42A4-A414-E5DF6F97811A}.Release|Any CPU.ActiveCfg = Release|Any CPU
		{A93B56DD-FAF1-42A4-A414-E5DF6F97811A}.Release|Any CPU.Build.0 = Release|Any CPU
		{A5CFF506-C6FA-4AD1-86A3-559DBCFA8B2A}.Debug|Any CPU.ActiveCfg = Debug|Any CPU
		{A5CFF506-C6FA-4AD1-86A3-559DBCFA8B2A}.Debug|Any CPU.Build.0 = Debug|Any CPU
		{A5CFF506-C6FA-4AD1-86A3-559DBCFA8B2A}.Release|Any CPU.ActiveCfg = Release|Any CPU
		{A5CFF506-C6FA-4AD1-86A3-559DBCFA8B2A}.Release|Any CPU.Build.0 = Release|Any CPU
		{B6D8D313-5A21-49C3-9FDF-CF3A23FF54C8}.Debug|Any CPU.ActiveCfg = Debug|Any CPU
		{B6D8D313-5A21-49C3-9FDF-CF3A23FF54C8}.Debug|Any CPU.Build.0 = Debug|Any CPU
		{B6D8D313-5A21-49C3-9FDF-CF3A23FF54C8}.Release|Any CPU.ActiveCfg = Release|Any CPU
		{B6D8D313-5A21-49C3-9FDF-CF3A23FF54C8}.Release|Any CPU.Build.0 = Release|Any CPU
		{FD2A7B25-F3BF-4D46-9314-59E30B0D7BC8}.Debug|Any CPU.ActiveCfg = Debug|Any CPU
		{FD2A7B25-F3BF-4D46-9314-59E30B0D7BC8}.Debug|Any CPU.Build.0 = Debug|Any CPU
		{FD2A7B25-F3BF-4D46-9314-59E30B0D7BC8}.Release|Any CPU.ActiveCfg = Release|Any CPU
		{FD2A7B25-F3BF-4D46-9314-59E30B0D7BC8}.Release|Any CPU.Build.0 = Release|Any CPU
		{8258C6B1-9457-41D8-8FDB-594C670D5233}.Debug|Any CPU.ActiveCfg = Debug|Any CPU
		{8258C6B1-9457-41D8-8FDB-594C670D5233}.Debug|Any CPU.Build.0 = Debug|Any CPU
		{8258C6B1-9457-41D8-8FDB-594C670D5233}.Release|Any CPU.ActiveCfg = Release|Any CPU
		{8258C6B1-9457-41D8-8FDB-594C670D5233}.Release|Any CPU.Build.0 = Release|Any CPU
		{AE81867F-7915-4EF5-BF16-1B84EE147FF3}.Debug|Any CPU.ActiveCfg = Debug|Any CPU
		{AE81867F-7915-4EF5-BF16-1B84EE147FF3}.Debug|Any CPU.Build.0 = Debug|Any CPU
		{AE81867F-7915-4EF5-BF16-1B84EE147FF3}.Release|Any CPU.ActiveCfg = Release|Any CPU
		{AE81867F-7915-4EF5-BF16-1B84EE147FF3}.Release|Any CPU.Build.0 = Release|Any CPU
		{DADB7A00-6F22-4AB0-8921-D72FF5199E8C}.Debug|Any CPU.ActiveCfg = Debug|Any CPU
		{DADB7A00-6F22-4AB0-8921-D72FF5199E8C}.Debug|Any CPU.Build.0 = Debug|Any CPU
		{DADB7A00-6F22-4AB0-8921-D72FF5199E8C}.Release|Any CPU.ActiveCfg = Release|Any CPU
		{DADB7A00-6F22-4AB0-8921-D72FF5199E8C}.Release|Any CPU.Build.0 = Release|Any CPU
		{7F1E1496-49F5-4C2B-A047-CA6534A3689C}.Debug|Any CPU.ActiveCfg = Debug|Any CPU
		{7F1E1496-49F5-4C2B-A047-CA6534A3689C}.Debug|Any CPU.Build.0 = Debug|Any CPU
		{7F1E1496-49F5-4C2B-A047-CA6534A3689C}.Release|Any CPU.ActiveCfg = Release|Any CPU
		{7F1E1496-49F5-4C2B-A047-CA6534A3689C}.Release|Any CPU.Build.0 = Release|Any CPU
		{FFF50043-AC34-4859-A93D-817786169B82}.Debug|Any CPU.ActiveCfg = Debug|Any CPU
		{FFF50043-AC34-4859-A93D-817786169B82}.Debug|Any CPU.Build.0 = Debug|Any CPU
		{FFF50043-AC34-4859-A93D-817786169B82}.Release|Any CPU.ActiveCfg = Release|Any CPU
		{FFF50043-AC34-4859-A93D-817786169B82}.Release|Any CPU.Build.0 = Release|Any CPU
		{F306031E-42F4-4206-B6EF-40087465ACEF}.Debug|Any CPU.ActiveCfg = Debug|Any CPU
		{F306031E-42F4-4206-B6EF-40087465ACEF}.Debug|Any CPU.Build.0 = Debug|Any CPU
		{F306031E-42F4-4206-B6EF-40087465ACEF}.Release|Any CPU.ActiveCfg = Release|Any CPU
		{F306031E-42F4-4206-B6EF-40087465ACEF}.Release|Any CPU.Build.0 = Release|Any CPU
		{CFAB2CE9-2BC7-4421-AF2A-E961F65E8A38}.Debug|Any CPU.ActiveCfg = Debug|Any CPU
		{CFAB2CE9-2BC7-4421-AF2A-E961F65E8A38}.Debug|Any CPU.Build.0 = Debug|Any CPU
		{CFAB2CE9-2BC7-4421-AF2A-E961F65E8A38}.Release|Any CPU.ActiveCfg = Release|Any CPU
		{CFAB2CE9-2BC7-4421-AF2A-E961F65E8A38}.Release|Any CPU.Build.0 = Release|Any CPU
		{8E8DCD5A-BAA2-448D-AB6B-8DC1B2033FC0}.Debug|Any CPU.ActiveCfg = Debug|Any CPU
		{8E8DCD5A-BAA2-448D-AB6B-8DC1B2033FC0}.Debug|Any CPU.Build.0 = Debug|Any CPU
		{8E8DCD5A-BAA2-448D-AB6B-8DC1B2033FC0}.Release|Any CPU.ActiveCfg = Release|Any CPU
		{8E8DCD5A-BAA2-448D-AB6B-8DC1B2033FC0}.Release|Any CPU.Build.0 = Release|Any CPU
		{1F83B04B-7996-4F43-8288-9D22C12E4494}.Debug|Any CPU.ActiveCfg = Debug|Any CPU
		{1F83B04B-7996-4F43-8288-9D22C12E4494}.Debug|Any CPU.Build.0 = Debug|Any CPU
		{1F83B04B-7996-4F43-8288-9D22C12E4494}.Release|Any CPU.ActiveCfg = Release|Any CPU
		{1F83B04B-7996-4F43-8288-9D22C12E4494}.Release|Any CPU.Build.0 = Release|Any CPU
	EndGlobalSection
	GlobalSection(SolutionProperties) = preSolution
		HideSolutionNode = FALSE
	EndGlobalSection
	GlobalSection(NestedProjects) = preSolution
		{0AAD1793-0A61-42E6-9EBC-6729058EBE70} = {F89E08E9-BE00-4101-8F7B-DFB0B178EDBB}
		{378A1E2D-A319-48E2-B5B1-7C9A2F8E5DE4} = {F89E08E9-BE00-4101-8F7B-DFB0B178EDBB}
		{97D57D73-D908-4ECC-88A8-440C29C92CE6} = {F89E08E9-BE00-4101-8F7B-DFB0B178EDBB}
		{A93B56DD-FAF1-42A4-A414-E5DF6F97811A} = {F89E08E9-BE00-4101-8F7B-DFB0B178EDBB}
		{A5CFF506-C6FA-4AD1-86A3-559DBCFA8B2A} = {F89E08E9-BE00-4101-8F7B-DFB0B178EDBB}
		{B6D8D313-5A21-49C3-9FDF-CF3A23FF54C8} = {81A65A86-5489-4358-9848-6BE40A4D13A1}
		{FD2A7B25-F3BF-4D46-9314-59E30B0D7BC8} = {D3212016-BB8D-4E16-94C4-2D0990B2C14A}
		{8258C6B1-9457-41D8-8FDB-594C670D5233} = {D3212016-BB8D-4E16-94C4-2D0990B2C14A}
		{AE81867F-7915-4EF5-BF16-1B84EE147FF3} = {F89E08E9-BE00-4101-8F7B-DFB0B178EDBB}
		{DADB7A00-6F22-4AB0-8921-D72FF5199E8C} = {F89E08E9-BE00-4101-8F7B-DFB0B178EDBB}
		{7F1E1496-49F5-4C2B-A047-CA6534A3689C} = {F89E08E9-BE00-4101-8F7B-DFB0B178EDBB}
		{FFF50043-AC34-4859-A93D-817786169B82} = {D3212016-BB8D-4E16-94C4-2D0990B2C14A}
		{F306031E-42F4-4206-B6EF-40087465ACEF} = {F89E08E9-BE00-4101-8F7B-DFB0B178EDBB}
		{CFAB2CE9-2BC7-4421-AF2A-E961F65E8A38} = {F89E08E9-BE00-4101-8F7B-DFB0B178EDBB}
		{8E8DCD5A-BAA2-448D-AB6B-8DC1B2033FC0} = {F89E08E9-BE00-4101-8F7B-DFB0B178EDBB}
		{1F83B04B-7996-4F43-8288-9D22C12E4494} = {F89E08E9-BE00-4101-8F7B-DFB0B178EDBB}
	EndGlobalSection
	GlobalSection(ExtensibilityGlobals) = postSolution
		SolutionGuid = {75AC1D4E-4023-436E-8BD5-B34CD115EA76}
	EndGlobalSection
EndGlobal
